
Microsoft Visual Studio Solution File, Format Version 12.00
# Visual Studio 15
VisualStudioVersion = 15.0.27703.2018
MinimumVisualStudioVersion = 10.0.40219.1
Project("{FAE04EC0-301F-11D3-BF4B-00C04F79EFBC}") = "surface area and volume", "surface area and volume\surface area and volume.csproj", "{9EC1A091-E53E-4052-B2AA-A2555480E365}"
EndProject
Global
	GlobalSection(SolutionConfigurationPlatforms) = preSolution
		Debug|Any CPU = Debug|Any CPU
		Release|Any CPU = Release|Any CPU
	EndGlobalSection
	GlobalSection(ProjectConfigurationPlatforms) = postSolution
		{9EC1A091-E53E-4052-B2AA-A2555480E365}.Debug|Any CPU.ActiveCfg = Debug|Any CPU
		{9EC1A091-E53E-4052-B2AA-A2555480E365}.Debug|Any CPU.Build.0 = Debug|Any CPU
		{9EC1A091-E53E-4052-B2AA-A2555480E365}.Release|Any CPU.ActiveCfg = Release|Any CPU
		{9EC1A091-E53E-4052-B2AA-A2555480E365}.Release|Any CPU.Build.0 = Release|Any CPU
	EndGlobalSection
	GlobalSection(SolutionProperties) = preSolution
		HideSolutionNode = FALSE
	EndGlobalSection
	GlobalSection(ExtensibilityGlobals) = postSolution
		SolutionGuid = {3447AE85-3EF2-4A6F-BA3C-3E7F1AC60F66}
	EndGlobalSection
EndGlobal
